
Microsoft Visual Studio Solution File, Format Version 11.00
# Visual Studio 2010
Project("{8BC9CEB8-8B4A-11D0-8D11-00A0C91BC942}") = "EopSpw", "EopSpw\EopSpw.vcxproj", "{57A4FD9E-C8F5-42FB-ACB0-3908BC4643DC}"
EndProject
Global
	GlobalSection(SolutionConfigurationPlatforms) = preSolution
		Debug|Win32 = Debug|Win32
		Release|Win32 = Release|Win32
	EndGlobalSection
	GlobalSection(ProjectConfigurationPlatforms) = postSolution
		{57A4FD9E-C8F5-42FB-ACB0-3908BC4643DC}.Debug|Win32.ActiveCfg = Debug|Win32
		{57A4FD9E-C8F5-42FB-ACB0-3908BC4643DC}.Debug|Win32.Build.0 = Debug|Win32
		{57A4FD9E-C8F5-42FB-ACB0-3908BC4643DC}.Release|Win32.ActiveCfg = Release|Win32
		{57A4FD9E-C8F5-42FB-ACB0-3908BC4643DC}.Release|Win32.Build.0 = Release|Win32
	EndGlobalSection
	GlobalSection(SolutionProperties) = preSolution
		HideSolutionNode = FALSE
	EndGlobalSection
EndGlobal
